FORGE
  remote: https://forgeapi.puppetlabs.com
  specs:
    darin-zypprepo (1.0.2)
    example42-puppi (2.2.1)
    example42-yum (2.1.28)
      example42-puppi (>= 2.0.0)
    mayflower-php (3.4.2)
      darin-zypprepo (~> 1.0)
      example42-yum (~> 2.0)
      puppetlabs-apt (< 3.0.0, >= 1.0.0)
      puppetlabs-inifile (~> 1.0)
      puppetlabs-stdlib (< 5.0.0, >= 4.2.0)
    puppet-staging (2.1.0)
    puppetlabs-apache (1.11.0)
      puppetlabs-concat (< 3.0.0, >= 1.1.1)
      puppetlabs-stdlib (< 5.0.0, >= 4.2.0)
    puppetlabs-apt (2.3.0)
      puppetlabs-stdlib (< 5.0.0, >= 4.5.0)
    puppetlabs-concat (2.2.0)
      puppetlabs-stdlib (< 5.0.0, >= 4.2.0)
    puppetlabs-inifile (1.6.0)
    puppetlabs-mysql (3.10.0)
      puppet-staging (< 3.0.0, >= 1.0.1)
      puppetlabs-stdlib (< 5.0.0, >= 3.2.0)
    puppetlabs-stdlib (4.15.0)
    spiette-selinux (0.5.4)

DEPENDENCIES
  mayflower-php (= 3.4.2)
  puppetlabs-apache (= 1.11.0)
  puppetlabs-mysql (= 3.10.0)
  spiette-selinux (= 0.5.4)

